
Microsoft Visual Studio Solution File, Format Version 12.00
# Visual Studio Version 16
VisualStudioVersion = 16.0.30621.155
MinimumVisualStudioVersion = 10.0.40219.1
Project("{FAE04EC0-301F-11D3-BF4B-00C04F79EFBC}") = "DatabaseConnect", "DatabaseConnect\DatabaseConnect.csproj", "{84F8B76B-D8D5-4B25-B5F8-2DA07234A919}"
EndProject
Global
	GlobalSection(SolutionConfigurationPlatforms) = preSolution
		Debug|Any CPU = Debug|Any CPU
		Release|Any CPU = Release|Any CPU
	EndGlobalSection
	GlobalSection(ProjectConfigurationPlatforms) = postSolution
		{84F8B76B-D8D5-4B25-B5F8-2DA07234A919}.Debug|Any CPU.ActiveCfg = Debug|Any CPU
		{84F8B76B-D8D5-4B25-B5F8-2DA07234A919}.Debug|Any CPU.Build.0 = Debug|Any CPU
		{84F8B76B-D8D5-4B25-B5F8-2DA07234A919}.Release|Any CPU.ActiveCfg = Release|Any CPU
		{84F8B76B-D8D5-4B25-B5F8-2DA07234A919}.Release|Any CPU.Build.0 = Release|Any CPU
	EndGlobalSection
	GlobalSection(SolutionProperties) = preSolution
		HideSolutionNode = FALSE
	EndGlobalSection
	GlobalSection(ExtensibilityGlobals) = postSolution
		SolutionGuid = {32F3ACA8-3750-4D5D-882D-2EA79218CCCE}
	EndGlobalSection
EndGlobal
